{
  "name": "@dashevo/dapi-grpc",
  "version": "0.1.0",
  "lockfileVersion": 1,
  "requires": true,
  "dependencies": {
    "google-protobuf": {
      "version": "3.7.1",
      "resolved": "https://registry.npmjs.org/google-protobuf/-/google-protobuf-3.7.1.tgz",
      "integrity": "sha512-6fvlUey6cNKtWSEn1bt4CT4wc2EID1fVluHS1dOnqIlxyIu3cBid2BvWE8Rwl6wN+hRTgiAKhfyydAGV/weZYQ=="
    },
    "grpc-web": {
      "version": "1.0.4",
      "resolved": "https://registry.npmjs.org/grpc-web/-/grpc-web-1.0.4.tgz",
      "integrity": "sha512-CjIA05C1G9n0/aT5YrQ8SAYNh5foHZRVK+1yN81Ez9vpNQCmrvXCWQBOHlQK7tJg3EqC5m8F99XQRfAi+K8CyA=="
    }
  }
}
