{
  "name": "dash-wallet-lib",
  "version": "0.0.0",
  "lockfileVersion": 1,
  "requires": true,
  "dependencies": {
    "@dashevo/dashcore-lib": {
      "version": "git+ssh://git@github.com/dashevo/bitcore-lib-dash-private.git#2bbefc517ec251122e086236facde91449055045",
      "requires": {
        "bn.js": "2.0.4",
        "bs58": "2.0.0",
        "buffer-compare": "1.0.0",
        "cbor": "3.0.3",
        "elliptic": "3.0.3",
        "inherits": "2.0.1",
        "lodash": "4.17.1",
        "sha512": "0.0.1",
        "x11-hash-js": "1.0.1"
      }
    },
    "bignumber.js": {
      "version": "4.1.0",
      "resolved": "https://registry.npmjs.org/bignumber.js/-/bignumber.js-4.1.0.tgz",
      "integrity": "sha512-eJzYkFYy9L4JzXsbymsFn3p54D+llV27oTQ+ziJG7WFRheJcNZilgVXMG0LoZtlQSKBsJdWtLFqOD0u+U0jZKA=="
    },
    "bn.js": {
      "version": "2.0.4",
      "resolved": "https://registry.npmjs.org/bn.js/-/bn.js-2.0.4.tgz",
      "integrity": "sha1-Igp81nf38b+pNif/QZN3b+eBlIA="
    },
    "brorand": {
      "version": "1.1.0",
      "resolved": "https://registry.npmjs.org/brorand/-/brorand-1.1.0.tgz",
      "integrity": "sha1-EsJe/kCkXjwyPrhnWgoM5XsiNx8="
    },
    "bs58": {
      "version": "2.0.0",
      "resolved": "https://registry.npmjs.org/bs58/-/bs58-2.0.0.tgz",
      "integrity": "sha1-crcTvtIjoKxRi72g484/SBfznrU="
    },
    "buffer-compare": {
      "version": "1.0.0",
      "resolved": "https://registry.npmjs.org/buffer-compare/-/buffer-compare-1.0.0.tgz",
      "integrity": "sha1-rKp6lm6Y7un64Usxw5pfFY+zxKI="
    },
    "cbor": {
      "version": "3.0.3",
      "resolved": "https://registry.npmjs.org/cbor/-/cbor-3.0.3.tgz",
      "integrity": "sha512-+UY2FhD8w4GCp8QzP2a3eW0NRTFh2BaXn6t/sVYtGzKJAl0LL8nwma7qzIwmojq7jMF94X5DVfBUeIj8BBHBqA==",
      "requires": {
        "bignumber.js": "4.1.0",
        "commander": "2.15.1",
        "json-text-sequence": "0.1.1",
        "nofilter": "0.0.3"
      }
    },
    "commander": {
      "version": "2.15.1",
      "resolved": "https://registry.npmjs.org/commander/-/commander-2.15.1.tgz",
      "integrity": "sha512-VlfT9F3V0v+jr4yxPc5gg9s62/fIVWsd2Bk2iD435um1NlGMYdVCq+MjcXnhYq2icNOizHr1kK+5TI6H0Hy0ag=="
    },
    "delimit-stream": {
      "version": "0.1.0",
      "resolved": "https://registry.npmjs.org/delimit-stream/-/delimit-stream-0.1.0.tgz",
      "integrity": "sha1-m4MZR3wOX4rrPONXrjBfwl6hzSs="
    },
    "elliptic": {
      "version": "3.0.3",
      "resolved": "http://registry.npmjs.org/elliptic/-/elliptic-3.0.3.tgz",
      "integrity": "sha1-hlybQgv75VAGuflp+XoNLESWZZU=",
      "requires": {
        "bn.js": "2.0.4",
        "brorand": "1.1.0",
        "hash.js": "1.1.4",
        "inherits": "2.0.1"
      }
    },
    "hash.js": {
      "version": "1.1.4",
      "resolved": "https://registry.npmjs.org/hash.js/-/hash.js-1.1.4.tgz",
      "integrity": "sha512-A6RlQvvZEtFS5fLU43IDu0QUmBy+fDO9VMdTXvufKwIkt/rFfvICAViCax5fbDO4zdNzaC3/27ZhKUok5bAJyw==",
      "requires": {
        "inherits": "2.0.3",
        "minimalistic-assert": "1.0.1"
      },
      "dependencies": {
        "inherits": {
          "version": "2.0.3",
          "resolved": "https://registry.npmjs.org/inherits/-/inherits-2.0.3.tgz",
          "integrity": "sha1-Yzwsg+PaQqUC9SRmAiSA9CCCYd4="
        }
      }
    },
    "inherits": {
      "version": "2.0.1",
      "resolved": "https://registry.npmjs.org/inherits/-/inherits-2.0.1.tgz",
      "integrity": "sha1-sX0I0ya0Qj5Wjv9xn5GwscvfafE="
    },
    "json-text-sequence": {
      "version": "0.1.1",
      "resolved": "https://registry.npmjs.org/json-text-sequence/-/json-text-sequence-0.1.1.tgz",
      "integrity": "sha1-py8hfcSvxGKf/1/rME3BvVGi89I=",
      "requires": {
        "delimit-stream": "0.1.0"
      }
    },
    "lodash": {
      "version": "4.17.1",
      "resolved": "https://registry.npmjs.org/lodash/-/lodash-4.17.1.tgz",
      "integrity": "sha1-516vF6NHMMZJHZlW9NgfOgRPAb8="
    },
    "minimalistic-assert": {
      "version": "1.0.1",
      "resolved": "https://registry.npmjs.org/minimalistic-assert/-/minimalistic-assert-1.0.1.tgz",
      "integrity": "sha512-UtJcAD4yEaGtjPezWuO9wC4nwUnVH/8/Im3yEHQP4b67cXlD/Qr9hdITCU1xDbSEXg2XKNaP8jsReV7vQd00/A=="
    },
    "nofilter": {
      "version": "0.0.3",
      "resolved": "https://registry.npmjs.org/nofilter/-/nofilter-0.0.3.tgz",
      "integrity": "sha1-JB40IHgXeoaTowQ+g/N1Z+J2QQw="
    },
    "sha512": {
      "version": "0.0.1",
      "resolved": "https://registry.npmjs.org/sha512/-/sha512-0.0.1.tgz",
      "integrity": "sha1-JuWQIu9qvHXHNE8KXvOTbK8lQtU="
    },
    "x11-hash-js": {
      "version": "1.0.1",
      "resolved": "https://registry.npmjs.org/x11-hash-js/-/x11-hash-js-1.0.1.tgz",
      "integrity": "sha512-Q1YtSExF+XvO6xUoNvzBDnGhCFZKzc2bPPxIl/uJef/TTP+OdQo1QTRxVuAdJ7CBTVKh7a7RStGP1HHnrxOShQ=="
    }
  }
}
